// !$*UTF8*$!
{
	archiveVersion = 1;
	classes = {
	};
	objectVersion = 56;
	objects = {

/* Begin PBXBuildFile section */
		105DF6622B3D7B420075E6BC /* TickerListRepository.swift in Sources */ = {isa = PBXBuildFile; fileRef = 105DF6612B3D7B420075E6BC /* TickerListRepository.swift */; };
		105DF6642B3D7EC40075E6BC /* MockTickerListRepository.swift in Sources */ = {isa = PBXBuildFile; fileRef = 105DF6632B3D7EC40075E6BC /* MockTickerListRepository.swift */; };
		10F52AEA2B39434300DB26D0 /* APIConsumerApp.swift in Sources */ = {isa = PBXBuildFile; fileRef = 10F52AE92B39434300DB26D0 /* APIConsumerApp.swift */; };
		10F52AEC2B39434300DB26D0 /* MainListView.swift in Sources */ = {isa = PBXBuildFile; fileRef = 10F52AEB2B39434300DB26D0 /* MainListView.swift */; };
		10F52AEE2B39434400DB26D0 /* Assets.xcassets in Resources */ = {isa = PBXBuildFile; fileRef = 10F52AED2B39434400DB26D0 /* Assets.xcassets */; };
		10F52AF22B39434400DB26D0 /* Preview Assets.xcassets in Resources */ = {isa = PBXBuildFile; fileRef = 10F52AF12B39434400DB26D0 /* Preview Assets.xcassets */; };
		10F52AFA2B39441600DB26D0 /* TenttsAPI in Frameworks */ = {isa = PBXBuildFile; productRef = 10F52AF92B39441600DB26D0 /* TenttsAPI */; };
		10F52AFD2B39449900DB26D0 /* TickerListRowData.swift in Sources */ = {isa = PBXBuildFile; fileRef = 10F52AFC2B39449900DB26D0 /* TickerListRowData.swift */; };
		10F52B022B39453E00DB26D0 /* TickerListRowView.swift in Sources */ = {isa = PBXBuildFile; fileRef = 10F52B012B39453E00DB26D0 /* TickerListRowView.swift */; };
		10F52B052B3955A200DB26D0 /* EmptyStateView.swift in Sources */ = {isa = PBXBuildFile; fileRef = 10F52B042B3955A200DB26D0 /* EmptyStateView.swift */; };
		10F52B072B39563000DB26D0 /* ErrorStateView.swift in Sources */ = {isa = PBXBuildFile; fileRef = 10F52B062B39563000DB26D0 /* ErrorStateView.swift */; };
		10F52B092B39576B00DB26D0 /* LoadingStateView.swift in Sources */ = {isa = PBXBuildFile; fileRef = 10F52B082B39576B00DB26D0 /* LoadingStateView.swift */; };
		10F52B0C2B3957C800DB26D0 /* AppViewModel.swift in Sources */ = {isa = PBXBuildFile; fileRef = 10F52B0B2B3957C800DB26D0 /* AppViewModel.swift */; };
		10F52B0F2B39588000DB26D0 /* Stubs.swift in Sources */ = {isa = PBXBuildFile; fileRef = 10F52B0E2B39588000DB26D0 /* Stubs.swift */; };
		10F52B112B395A6300DB26D0 /* QuotesViewModel.swift in Sources */ = {isa = PBXBuildFile; fileRef = 10F52B102B395A6300DB26D0 /* QuotesViewModel.swift */; };
		10F52B132B395AA900DB26D0 /* Utils.swift in Sources */ = {isa = PBXBuildFile; fileRef = 10F52B122B395AA900DB26D0 /* Utils.swift */; };
		10F52B162B395B9800DB26D0 /* Quote+Extensions.swift in Sources */ = {isa = PBXBuildFile; fileRef = 10F52B152B395B9800DB26D0 /* Quote+Extensions.swift */; };
		10F52B182B39C41600DB26D0 /* FetchPhase.swift in Sources */ = {isa = PBXBuildFile; fileRef = 10F52B172B39C41600DB26D0 /* FetchPhase.swift */; };
		10F52B1A2B39C49900DB26D0 /* SearchViewModel.swift in Sources */ = {isa = PBXBuildFile; fileRef = 10F52B192B39C49900DB26D0 /* SearchViewModel.swift */; };
		10F52B1C2B39C56E00DB26D0 /* SearchView.swift in Sources */ = {isa = PBXBuildFile; fileRef = 10F52B1B2B39C56E00DB26D0 /* SearchView.swift */; };
		10F52B1F2B3ABF6D00DB26D0 /* NetworkManager.swift in Sources */ = {isa = PBXBuildFile; fileRef = 10F52B1E2B3ABF6D00DB26D0 /* NetworkManager.swift */; };
		10F52B212B3AC14000DB26D0 /* MockStocksAPI.swift in Sources */ = {isa = PBXBuildFile; fileRef = 10F52B202B3AC14000DB26D0 /* MockStocksAPI.swift */; };
/* End PBXBuildFile section */

/* Begin PBXFileReference section */
		105DF6612B3D7B420075E6BC /* TickerListRepository.swift */ = {isa = PBXFileReference; lastKnownFileType = sourcecode.swift; path = TickerListRepository.swift; sourceTree = "<group>"; };
		105DF6632B3D7EC40075E6BC /* MockTickerListRepository.swift */ = {isa = PBXFileReference; lastKnownFileType = sourcecode.swift; path = MockTickerListRepository.swift; sourceTree = "<group>"; };
		10F52AE62B39434300DB26D0 /* APIConsumer.app */ = {isa = PBXFileReference; explicitFileType = wrapper.application; includeInIndex = 0; path = APIConsumer.app; sourceTree = BUILT_PRODUCTS_DIR; };
		10F52AE92B39434300DB26D0 /* APIConsumerApp.swift */ = {isa = PBXFileReference; lastKnownFileType = sourcecode.swift; path = APIConsumerApp.swift; sourceTree = "<group>"; };
		10F52AEB2B39434300DB26D0 /* MainListView.swift */ = {isa = PBXFileReference; lastKnownFileType = sourcecode.swift; path = MainListView.swift; sourceTree = "<group>"; };
		10F52AED2B39434400DB26D0 /* Assets.xcassets */ = {isa = PBXFileReference; lastKnownFileType = folder.assetcatalog; path = Assets.xcassets; sourceTree = "<group>"; };
		10F52AEF2B39434400DB26D0 /* APIConsumer.entitlements */ = {isa = PBXFileReference; lastKnownFileType = text.plist.entitlements; path = APIConsumer.entitlements; sourceTree = "<group>"; };
		10F52AF12B39434400DB26D0 /* Preview Assets.xcassets */ = {isa = PBXFileReference; lastKnownFileType = folder.assetcatalog; path = "Preview Assets.xcassets"; sourceTree = "<group>"; };
		10F52AFC2B39449900DB26D0 /* TickerListRowData.swift */ = {isa = PBXFileReference; lastKnownFileType = sourcecode.swift; path = TickerListRowData.swift; sourceTree = "<group>"; };
		10F52B012B39453E00DB26D0 /* TickerListRowView.swift */ = {isa = PBXFileReference; lastKnownFileType = sourcecode.swift; path = TickerListRowView.swift; sourceTree = "<group>"; };
		10F52B042B3955A200DB26D0 /* EmptyStateView.swift */ = {isa = PBXFileReference; lastKnownFileType = sourcecode.swift; path = EmptyStateView.swift; sourceTree = "<group>"; };
		10F52B062B39563000DB26D0 /* ErrorStateView.swift */ = {isa = PBXFileReference; lastKnownFileType = sourcecode.swift; path = ErrorStateView.swift; sourceTree = "<group>"; };
		10F52B082B39576B00DB26D0 /* LoadingStateView.swift */ = {isa = PBXFileReference; lastKnownFileType = sourcecode.swift; path = LoadingStateView.swift; sourceTree = "<group>"; };
		10F52B0B2B3957C800DB26D0 /* AppViewModel.swift */ = {isa = PBXFileReference; lastKnownFileType = sourcecode.swift; path = AppViewModel.swift; sourceTree = "<group>"; };
		10F52B0E2B39588000DB26D0 /* Stubs.swift */ = {isa = PBXFileReference; lastKnownFileType = sourcecode.swift; path = Stubs.swift; sourceTree = "<group>"; };
		10F52B102B395A6300DB26D0 /* QuotesViewModel.swift */ = {isa = PBXFileReference; lastKnownFileType = sourcecode.swift; path = QuotesViewModel.swift; sourceTree = "<group>"; };
		10F52B122B395AA900DB26D0 /* Utils.swift */ = {isa = PBXFileReference; lastKnownFileType = sourcecode.swift; path = Utils.swift; sourceTree = "<group>"; };
		10F52B152B395B9800DB26D0 /* Quote+Extensions.swift */ = {isa = PBXFileReference; lastKnownFileType = sourcecode.swift; path = "Quote+Extensions.swift"; sourceTree = "<group>"; };
		10F52B172B39C41600DB26D0 /* FetchPhase.swift */ = {isa = PBXFileReference; lastKnownFileType = sourcecode.swift; path = FetchPhase.swift; sourceTree = "<group>"; };
		10F52B192B39C49900DB26D0 /* SearchViewModel.swift */ = {isa = PBXFileReference; lastKnownFileType = sourcecode.swift; path = SearchViewModel.swift; sourceTree = "<group>"; };
		10F52B1B2B39C56E00DB26D0 /* SearchView.swift */ = {isa = PBXFileReference; lastKnownFileType = sourcecode.swift; path = SearchView.swift; sourceTree = "<group>"; };
		10F52B1E2B3ABF6D00DB26D0 /* NetworkManager.swift */ = {isa = PBXFileReference; lastKnownFileType = sourcecode.swift; path = NetworkManager.swift; sourceTree = "<group>"; };
		10F52B202B3AC14000DB26D0 /* MockStocksAPI.swift */ = {isa = PBXFileReference; lastKnownFileType = sourcecode.swift; path = MockStocksAPI.swift; sourceTree = "<group>"; };
/* End PBXFileReference section */

/* Begin PBXFrameworksBuildPhase section */
		10F52AE32B39434300DB26D0 /* Frameworks */ = {
			isa = PBXFrameworksBuildPhase;
			buildActionMask = 2147483647;
			files = (
				10F52AFA2B39441600DB26D0 /* TenttsAPI in Frameworks */,
			);
			runOnlyForDeploymentPostprocessing = 0;
		};
/* End PBXFrameworksBuildPhase section */

/* Begin PBXGroup section */
		10F52ADD2B39434300DB26D0 = {
			isa = PBXGroup;
			children = (
				10F52AE82B39434300DB26D0 /* APIConsumer */,
				10F52AE72B39434300DB26D0 /* Products */,
			);
			sourceTree = "<group>";
		};
		10F52AE72B39434300DB26D0 /* Products */ = {
			isa = PBXGroup;
			children = (
				10F52AE62B39434300DB26D0 /* APIConsumer.app */,
			);
			name = Products;
			sourceTree = "<group>";
		};
		10F52AE82B39434300DB26D0 /* APIConsumer */ = {
			isa = PBXGroup;
			children = (
				10F52AE92B39434300DB26D0 /* APIConsumerApp.swift */,
				10F52B1D2B3ABF5400DB26D0 /* Services */,
				10F52B142B395B8300DB26D0 /* Extensions */,
				10F52B0A2B3957B000DB26D0 /* ViewModels */,
				10F52AFE2B39451500DB26D0 /* Views */,
				10F52AFB2B39448300DB26D0 /* Model */,
				10F52B0D2B39582100DB26D0 /* Mocks&Stubs */,
				10F52AED2B39434400DB26D0 /* Assets.xcassets */,
				10F52AEF2B39434400DB26D0 /* APIConsumer.entitlements */,
				10F52AF02B39434400DB26D0 /* Preview Content */,
				10F52B122B395AA900DB26D0 /* Utils.swift */,
			);
			path = APIConsumer;
			sourceTree = "<group>";
		};
		10F52AF02B39434400DB26D0 /* Preview Content */ = {
			isa = PBXGroup;
			children = (
				10F52AF12B39434400DB26D0 /* Preview Assets.xcassets */,
			);
			path = "Preview Content";
			sourceTree = "<group>";
		};
		10F52AFB2B39448300DB26D0 /* Model */ = {
			isa = PBXGroup;
			children = (
				10F52AFC2B39449900DB26D0 /* TickerListRowData.swift */,
				10F52B172B39C41600DB26D0 /* FetchPhase.swift */,
			);
			path = Model;
			sourceTree = "<group>";
		};
		10F52AFE2B39451500DB26D0 /* Views */ = {
			isa = PBXGroup;
			children = (
				10F52B032B39559600DB26D0 /* Common */,
				10F52AEB2B39434300DB26D0 /* MainListView.swift */,
				10F52B012B39453E00DB26D0 /* TickerListRowView.swift */,
				10F52B1B2B39C56E00DB26D0 /* SearchView.swift */,
			);
			path = Views;
			sourceTree = "<group>";
		};
		10F52B032B39559600DB26D0 /* Common */ = {
			isa = PBXGroup;
			children = (
				10F52B042B3955A200DB26D0 /* EmptyStateView.swift */,
				10F52B062B39563000DB26D0 /* ErrorStateView.swift */,
				10F52B082B39576B00DB26D0 /* LoadingStateView.swift */,
			);
			path = Common;
			sourceTree = "<group>";
		};
		10F52B0A2B3957B000DB26D0 /* ViewModels */ = {
			isa = PBXGroup;
			children = (
				10F52B0B2B3957C800DB26D0 /* AppViewModel.swift */,
				10F52B102B395A6300DB26D0 /* QuotesViewModel.swift */,
				10F52B192B39C49900DB26D0 /* SearchViewModel.swift */,
			);
			path = ViewModels;
			sourceTree = "<group>";
		};
		10F52B0D2B39582100DB26D0 /* Mocks&Stubs */ = {
			isa = PBXGroup;
			children = (
				10F52B0E2B39588000DB26D0 /* Stubs.swift */,
				10F52B202B3AC14000DB26D0 /* MockStocksAPI.swift */,
				105DF6632B3D7EC40075E6BC /* MockTickerListRepository.swift */,
			);
			path = "Mocks&Stubs";
			sourceTree = "<group>";
		};
		10F52B142B395B8300DB26D0 /* Extensions */ = {
			isa = PBXGroup;
			children = (
				10F52B152B395B9800DB26D0 /* Quote+Extensions.swift */,
			);
			path = Extensions;
			sourceTree = "<group>";
		};
		10F52B1D2B3ABF5400DB26D0 /* Services */ = {
			isa = PBXGroup;
			children = (
				10F52B1E2B3ABF6D00DB26D0 /* NetworkManager.swift */,
				105DF6612B3D7B420075E6BC /* TickerListRepository.swift */,
			);
			path = Services;
			sourceTree = "<group>";
		};
/* End PBXGroup section */

/* Begin PBXNativeTarget section */
		10F52AE52B39434300DB26D0 /* APIConsumer */ = {
			isa = PBXNativeTarget;
			buildConfigurationList = 10F52AF52B39434400DB26D0 /* Build configuration list for PBXNativeTarget "APIConsumer" */;
			buildPhases = (
				10F52AE22B39434300DB26D0 /* Sources */,
				10F52AE32B39434300DB26D0 /* Frameworks */,
				10F52AE42B39434300DB26D0 /* Resources */,
			);
			buildRules = (
			);
			dependencies = (
			);
			name = APIConsumer;
			packageProductDependencies = (
				10F52AF92B39441600DB26D0 /* TenttsAPI */,
			);
			productName = APIConsumer;
			productReference = 10F52AE62B39434300DB26D0 /* APIConsumer.app */;
			productType = "com.apple.product-type.application";
		};
/* End PBXNativeTarget section */

/* Begin PBXProject section */
		10F52ADE2B39434300DB26D0 /* Project object */ = {
			isa = PBXProject;
			attributes = {
				BuildIndependentTargetsInParallel = 1;
				LastSwiftUpdateCheck = 1510;
				LastUpgradeCheck = 1510;
				TargetAttributes = {
					10F52AE52B39434300DB26D0 = {
						CreatedOnToolsVersion = 15.1;
					};
				};
			};
			buildConfigurationList = 10F52AE12B39434300DB26D0 /* Build configuration list for PBXProject "APIConsumer" */;
			compatibilityVersion = "Xcode 14.0";
			developmentRegion = en;
			hasScannedForEncodings = 0;
			knownRegions = (
				en,
				Base,
			);
			mainGroup = 10F52ADD2B39434300DB26D0;
			packageReferences = (
				10F52AF82B39441600DB26D0 /* XCRemoteSwiftPackageReference "APILayer-SPM" */,
			);
			productRefGroup = 10F52AE72B39434300DB26D0 /* Products */;
			projectDirPath = "";
			projectRoot = "";
			targets = (
				10F52AE52B39434300DB26D0 /* APIConsumer */,
			);
		};
/* End PBXProject section */

/* Begin PBXResourcesBuildPhase section */
		10F52AE42B39434300DB26D0 /* Resources */ = {
			isa = PBXResourcesBuildPhase;
			buildActionMask = 2147483647;
			files = (
				10F52AF22B39434400DB26D0 /* Preview Assets.xcassets in Resources */,
				10F52AEE2B39434400DB26D0 /* Assets.xcassets in Resources */,
			);
			runOnlyForDeploymentPostprocessing = 0;
		};
/* End PBXResourcesBuildPhase section */

/* Begin PBXSourcesBuildPhase section */
		10F52AE22B39434300DB26D0 /* Sources */ = {
			isa = PBXSourcesBuildPhase;
			buildActionMask = 2147483647;
			files = (
				10F52B0F2B39588000DB26D0 /* Stubs.swift in Sources */,
				10F52B092B39576B00DB26D0 /* LoadingStateView.swift in Sources */,
				10F52B182B39C41600DB26D0 /* FetchPhase.swift in Sources */,
				10F52AEC2B39434300DB26D0 /* MainListView.swift in Sources */,
				10F52B112B395A6300DB26D0 /* QuotesViewModel.swift in Sources */,
				10F52B0C2B3957C800DB26D0 /* AppViewModel.swift in Sources */,
				10F52B1F2B3ABF6D00DB26D0 /* NetworkManager.swift in Sources */,
				105DF6622B3D7B420075E6BC /* TickerListRepository.swift in Sources */,
				10F52AEA2B39434300DB26D0 /* APIConsumerApp.swift in Sources */,
				10F52B052B3955A200DB26D0 /* EmptyStateView.swift in Sources */,
				10F52B1A2B39C49900DB26D0 /* SearchViewModel.swift in Sources */,
				10F52B132B395AA900DB26D0 /* Utils.swift in Sources */,
				10F52B1C2B39C56E00DB26D0 /* SearchView.swift in Sources */,
				10F52B212B3AC14000DB26D0 /* MockStocksAPI.swift in Sources */,
				105DF6642B3D7EC40075E6BC /* MockTickerListRepository.swift in Sources */,
				10F52B072B39563000DB26D0 /* ErrorStateView.swift in Sources */,
				10F52AFD2B39449900DB26D0 /* TickerListRowData.swift in Sources */,
				10F52B162B395B9800DB26D0 /* Quote+Extensions.swift in Sources */,
				10F52B022B39453E00DB26D0 /* TickerListRowView.swift in Sources */,
			);
			runOnlyForDeploymentPostprocessing = 0;
		};
/* End PBXSourcesBuildPhase section */

/* Begin XCBuildConfiguration section */
		10F52AF32B39434400DB26D0 /* Debug */ = {
			isa = XCBuildConfiguration;
			buildSettings = {
				ALWAYS_SEARCH_USER_PATHS = NO;
				ASSETCATALOG_COMPILER_GENERATE_SWIFT_ASSET_SYMBOL_EXTENSIONS = YES;
				CLANG_ANALYZER_NONNULL = YES;
				CLANG_ANALYZER_NUMBER_OBJECT_CONVERSION = YES_AGGRESSIVE;
				CLANG_CXX_LANGUAGE_STANDARD = "gnu++20";
				CLANG_ENABLE_MODULES = YES;
				CLANG_ENABLE_OBJC_ARC = YES;
				CLANG_ENABLE_OBJC_WEAK = YES;
				CLANG_WARN_BLOCK_CAPTURE_AUTORELEASING = YES;
				CLANG_WARN_BOOL_CONVERSION = YES;
				CLANG_WARN_COMMA = YES;
				CLANG_WARN_CONSTANT_CONVERSION = YES;
				CLANG_WARN_DEPRECATED_OBJC_IMPLEMENTATIONS = YES;
				CLANG_WARN_DIRECT_OBJC_ISA_USAGE = YES_ERROR;
				CLANG_WARN_DOCUMENTATION_COMMENTS = YES;
				CLANG_WARN_EMPTY_BODY = YES;
				CLANG_WARN_ENUM_CONVERSION = YES;
				CLANG_WARN_INFINITE_RECURSION = YES;
				CLANG_WARN_INT_CONVERSION = YES;
				CLANG_WARN_NON_LITERAL_NULL_CONVERSION = YES;
				CLANG_WARN_OBJC_IMPLICIT_RETAIN_SELF = YES;
				CLANG_WARN_OBJC_LITERAL_CONVERSION = YES;
				CLANG_WARN_OBJC_ROOT_CLASS = YES_ERROR;
				CLANG_WARN_QUOTED_INCLUDE_IN_FRAMEWORK_HEADER = YES;
				CLANG_WARN_RANGE_LOOP_ANALYSIS = YES;
				CLANG_WARN_STRICT_PROTOTYPES = YES;
				CLANG_WARN_SUSPICIOUS_MOVE = YES;
				CLANG_WARN_UNGUARDED_AVAILABILITY = YES_AGGRESSIVE;
				CLANG_WARN_UNREACHABLE_CODE = YES;
				CLANG_WARN__DUPLICATE_METHOD_MATCH = YES;
				COPY_PHASE_STRIP = NO;
				DEBUG_INFORMATION_FORMAT = dwarf;
				ENABLE_STRICT_OBJC_MSGSEND = YES;
				ENABLE_TESTABILITY = YES;
				ENABLE_USER_SCRIPT_SANDBOXING = YES;
				GCC_C_LANGUAGE_STANDARD = gnu17;
				GCC_DYNAMIC_NO_PIC = NO;
				GCC_NO_COMMON_BLOCKS = YES;
				GCC_OPTIMIZATION_LEVEL = 0;
				GCC_PREPROCESSOR_DEFINITIONS = (
					"DEBUG=1",
					"$(inherited)",
				);
				GCC_WARN_64_TO_32_BIT_CONVERSION = YES;
				GCC_WARN_ABOUT_RETURN_TYPE = YES_ERROR;
				GCC_WARN_UNDECLARED_SELECTOR = YES;
				GCC_WARN_UNINITIALIZED_AUTOS = YES_AGGRESSIVE;
				GCC_WARN_UNUSED_FUNCTION = YES;
				GCC_WARN_UNUSED_VARIABLE = YES;
				LOCALIZATION_PREFERS_STRING_CATALOGS = YES;
				MTL_ENABLE_DEBUG_INFO = INCLUDE_SOURCE;
				MTL_FAST_MATH = YES;
				ONLY_ACTIVE_ARCH = YES;
				SWIFT_ACTIVE_COMPILATION_CONDITIONS = "DEBUG $(inherited)";
				SWIFT_OPTIMIZATION_LEVEL = "-Onone";
			};
			name = Debug;
		};
		10F52AF42B39434400DB26D0 /* Release */ = {
			isa = XCBuildConfiguration;
			buildSettings = {
				ALWAYS_SEARCH_USER_PATHS = NO;
				ASSETCATALOG_COMPILER_GENERATE_SWIFT_ASSET_SYMBOL_EXTENSIONS = YES;
				CLANG_ANALYZER_NONNULL = YES;
				CLANG_ANALYZER_NUMBER_OBJECT_CONVERSION = YES_AGGRESSIVE;
				CLANG_CXX_LANGUAGE_STANDARD = "gnu++20";
				CLANG_ENABLE_MODULES = YES;
				CLANG_ENABLE_OBJC_ARC = YES;
				CLANG_ENABLE_OBJC_WEAK = YES;
				CLANG_WARN_BLOCK_CAPTURE_AUTORELEASING = YES;
				CLANG_WARN_BOOL_CONVERSION = YES;
				CLANG_WARN_COMMA = YES;
				CLANG_WARN_CONSTANT_CONVERSION = YES;
				CLANG_WARN_DEPRECATED_OBJC_IMPLEMENTATIONS = YES;
				CLANG_WARN_DIRECT_OBJC_ISA_USAGE = YES_ERROR;
				CLANG_WARN_DOCUMENTATION_COMMENTS = YES;
				CLANG_WARN_EMPTY_BODY = YES;
				CLANG_WARN_ENUM_CONVERSION = YES;
				CLANG_WARN_INFINITE_RECURSION = YES;
				CLANG_WARN_INT_CONVERSION = YES;
				CLANG_WARN_NON_LITERAL_NULL_CONVERSION = YES;
				CLANG_WARN_OBJC_IMPLICIT_RETAIN_SELF = YES;
				CLANG_WARN_OBJC_LITERAL_CONVERSION = YES;
				CLANG_WARN_OBJC_ROOT_CLASS = YES_ERROR;
				CLANG_WARN_QUOTED_INCLUDE_IN_FRAMEWORK_HEADER = YES;
				CLANG_WARN_RANGE_LOOP_ANALYSIS = YES;
				CLANG_WARN_STRICT_PROTOTYPES = YES;
				CLANG_WARN_SUSPICIOUS_MOVE = YES;
				CLANG_WARN_UNGUARDED_AVAILABILITY = YES_AGGRESSIVE;
				CLANG_WARN_UNREACHABLE_CODE = YES;
				CLANG_WARN__DUPLICATE_METHOD_MATCH = YES;
				COPY_PHASE_STRIP = NO;
				DEBUG_INFORMATION_FORMAT = "dwarf-with-dsym";
				ENABLE_NS_ASSERTIONS = NO;
				ENABLE_STRICT_OBJC_MSGSEND = YES;
				ENABLE_USER_SCRIPT_SANDBOXING = YES;
				GCC_C_LANGUAGE_STANDARD = gnu17;
				GCC_NO_COMMON_BLOCKS = YES;
				GCC_WARN_64_TO_32_BIT_CONVERSION = YES;
				GCC_WARN_ABOUT_RETURN_TYPE = YES_ERROR;
				GCC_WARN_UNDECLARED_SELECTOR = YES;
				GCC_WARN_UNINITIALIZED_AUTOS = YES_AGGRESSIVE;
				GCC_WARN_UNUSED_FUNCTION = YES;
				GCC_WARN_UNUSED_VARIABLE = YES;
				LOCALIZATION_PREFERS_STRING_CATALOGS = YES;
				MTL_ENABLE_DEBUG_INFO = NO;
				MTL_FAST_MATH = YES;
				SWIFT_COMPILATION_MODE = wholemodule;
			};
			name = Release;
		};
		10F52AF62B39434400DB26D0 /* Debug */ = {
			isa = XCBuildConfiguration;
			buildSettings = {
				ASSETCATALOG_COMPILER_APPICON_NAME = AppIcon;
				ASSETCATALOG_COMPILER_GLOBAL_ACCENT_COLOR_NAME = AccentColor;
				CODE_SIGN_ENTITLEMENTS = APIConsumer/APIConsumer.entitlements;
				CODE_SIGN_STYLE = Automatic;
				CURRENT_PROJECT_VERSION = 1;
				DEVELOPMENT_ASSET_PATHS = "\"APIConsumer/Preview Content\"";
				DEVELOPMENT_TEAM = 54QU2WU97C;
				ENABLE_HARDENED_RUNTIME = YES;
				ENABLE_PREVIEWS = YES;
				GENERATE_INFOPLIST_FILE = YES;
				"INFOPLIST_KEY_UIApplicationSceneManifest_Generation[sdk=iphoneos*]" = YES;
				"INFOPLIST_KEY_UIApplicationSceneManifest_Generation[sdk=iphonesimulator*]" = YES;
				"INFOPLIST_KEY_UIApplicationSupportsIndirectInputEvents[sdk=iphoneos*]" = YES;
				"INFOPLIST_KEY_UIApplicationSupportsIndirectInputEvents[sdk=iphonesimulator*]" = YES;
				"INFOPLIST_KEY_UILaunchScreen_Generation[sdk=iphoneos*]" = YES;
				"INFOPLIST_KEY_UILaunchScreen_Generation[sdk=iphonesimulator*]" = YES;
				"INFOPLIST_KEY_UIStatusBarStyle[sdk=iphoneos*]" = UIStatusBarStyleDefault;
				"INFOPLIST_KEY_UIStatusBarStyle[sdk=iphonesimulator*]" = UIStatusBarStyleDefault;
				INFOPLIST_KEY_UISupportedInterfaceOrientations_iPad = "UIInterfaceOrientationPortrait UIInterfaceOrientationPortraitUpsideDown UIInterfaceOrientationLandscapeLeft UIInterfaceOrientationLandscapeRight";
				INFOPLIST_KEY_UISupportedInterfaceOrientations_iPhone = "UIInterfaceOrientationPortrait UIInterfaceOrientationLandscapeLeft UIInterfaceOrientationLandscapeRight";
				IPHONEOS_DEPLOYMENT_TARGET = 17.2;
				LD_RUNPATH_SEARCH_PATHS = "@executable_path/Frameworks";
				"LD_RUNPATH_SEARCH_PATHS[sdk=macosx*]" = "@executable_path/../Frameworks";
				MACOSX_DEPLOYMENT_TARGET = 14.2;
				MARKETING_VERSION = 1.0;
				PRODUCT_BUNDLE_IDENTIFIER = com.app.APIConsumer;
				PRODUCT_NAME = "$(TARGET_NAME)";
				SDKROOT = auto;
				SUPPORTED_PLATFORMS = "iphoneos iphonesimulator macosx";
				SWIFT_EMIT_LOC_STRINGS = YES;
				SWIFT_VERSION = 5.0;
				TARGETED_DEVICE_FAMILY = "1,2";
			};
			name = Debug;
		};
		10F52AF72B39434400DB26D0 /* Release */ = {
			isa = XCBuildConfiguration;
			buildSettings = {
				ASSETCATALOG_COMPILER_APPICON_NAME = AppIcon;
				ASSETCATALOG_COMPILER_GLOBAL_ACCENT_COLOR_NAME = AccentColor;
				CODE_SIGN_ENTITLEMENTS = APIConsumer/APIConsumer.entitlements;
				CODE_SIGN_STYLE = Automatic;
				CURRENT_PROJECT_VERSION = 1;
				DEVELOPMENT_ASSET_PATHS = "\"APIConsumer/Preview Content\"";
				DEVELOPMENT_TEAM = 54QU2WU97C;
				ENABLE_HARDENED_RUNTIME = YES;
				ENABLE_PREVIEWS = YES;
				GENERATE_INFOPLIST_FILE = YES;
				"INFOPLIST_KEY_UIApplicationSceneManifest_Generation[sdk=iphoneos*]" = YES;
				"INFOPLIST_KEY_UIApplicationSceneManifest_Generation[sdk=iphonesimulator*]" = YES;
				"INFOPLIST_KEY_UIApplicationSupportsIndirectInputEvents[sdk=iphoneos*]" = YES;
				"INFOPLIST_KEY_UIApplicationSupportsIndirectInputEvents[sdk=iphonesimulator*]" = YES;
				"INFOPLIST_KEY_UILaunchScreen_Generation[sdk=iphoneos*]" = YES;
				"INFOPLIST_KEY_UILaunchScreen_Generation[sdk=iphonesimulator*]" = YES;
				"INFOPLIST_KEY_UIStatusBarStyle[sdk=iphoneos*]" = UIStatusBarStyleDefault;
				"INFOPLIST_KEY_UIStatusBarStyle[sdk=iphonesimulator*]" = UIStatusBarStyleDefault;
				INFOPLIST_KEY_UISupportedInterfaceOrientations_iPad = "UIInterfaceOrientationPortrait UIInterfaceOrientationPortraitUpsideDown UIInterfaceOrientationLandscapeLeft UIInterfaceOrientationLandscapeRight";
				INFOPLIST_KEY_UISupportedInterfaceOrientations_iPhone = "UIInterfaceOrientationPortrait UIInterfaceOrientationLandscapeLeft UIInterfaceOrientationLandscapeRight";
				IPHONEOS_DEPLOYMENT_TARGET = 17.2;
				LD_RUNPATH_SEARCH_PATHS = "@executable_path/Frameworks";
				"LD_RUNPATH_SEARCH_PATHS[sdk=macosx*]" = "@executable_path/../Frameworks";
				MACOSX_DEPLOYMENT_TARGET = 14.2;
				MARKETING_VERSION = 1.0;
				PRODUCT_BUNDLE_IDENTIFIER = com.app.APIConsumer;
				PRODUCT_NAME = "$(TARGET_NAME)";
				SDKROOT = auto;
				SUPPORTED_PLATFORMS = "iphoneos iphonesimulator macosx";
				SWIFT_EMIT_LOC_STRINGS = YES;
				SWIFT_VERSION = 5.0;
				TARGETED_DEVICE_FAMILY = "1,2";
			};
			name = Release;
		};
/* End XCBuildConfiguration section */

/* Begin XCConfigurationList section */
		10F52AE12B39434300DB26D0 /* Build configuration list for PBXProject "APIConsumer" */ = {
			isa = XCConfigurationList;
			buildConfigurations = (
				10F52AF32B39434400DB26D0 /* Debug */,
				10F52AF42B39434400DB26D0 /* Release */,
			);
			defaultConfigurationIsVisible = 0;
			defaultConfigurationName = Release;
		};
		10F52AF52B39434400DB26D0 /* Build configuration list for PBXNativeTarget "APIConsumer" */ = {
			isa = XCConfigurationList;
			buildConfigurations = (
				10F52AF62B39434400DB26D0 /* Debug */,
				10F52AF72B39434400DB26D0 /* Release */,
			);
			defaultConfigurationIsVisible = 0;
			defaultConfigurationName = Release;
		};
/* End XCConfigurationList section */

/* Begin XCRemoteSwiftPackageReference section */
		10F52AF82B39441600DB26D0 /* XCRemoteSwiftPackageReference "APILayer-SPM" */ = {
			isa = XCRemoteSwiftPackageReference;
			repositoryURL = "https://github.com/NamanVaishnav/APILayer-SPM";
			requirement = {
				branch = main;
				kind = branch;
			};
		};
/* End XCRemoteSwiftPackageReference section */

/* Begin XCSwiftPackageProductDependency section */
		10F52AF92B39441600DB26D0 /* TenttsAPI */ = {
			isa = XCSwiftPackageProductDependency;
			package = 10F52AF82B39441600DB26D0 /* XCRemoteSwiftPackageReference "APILayer-SPM" */;
			productName = TenttsAPI;
		};
/* End XCSwiftPackageProductDependency section */
	};
	rootObject = 10F52ADE2B39434300DB26D0 /* Project object */;
}
