{
  "pins" : [
    {
      "identity" : "apilayer-spm",
      "kind" : "remoteSourceControl",
      "location" : "https://github.com/NamanVaishnav/APILayer-SPM",
      "state" : {
        "branch" : "main",
        "revision" : "cda934187324899b2237d09de601f16379f4c332"
      }
    }
  ],
  "version" : 2
}
